
Microsoft Visual Studio Solution File, Format Version 12.00
# Visual Studio Version 17
VisualStudioVersion = 17.9.34701.34
MinimumVisualStudioVersion = 10.0.40219.1
Project("{9A19103F-16F7-4668-BE54-9A1E7A4F7556}") = "Employee.Web", "Employee.Web.csproj", "{E88550FD-BD2B-468C-ABFF-898176B7577E}"
EndProject
Project("{9A19103F-16F7-4668-BE54-9A1E7A4F7556}") = "Employees.Common", "..\Employees.Common\Employees.Common.csproj", "{E164C396-5950-4C9E-B4AC-CFF4AD6243DA}"
EndProject
Project("{FAE04EC0-301F-11D3-BF4B-00C04F79EFBC}") = "Employee.Models", "..\ClassLibrary1\Employee.Models.csproj", "{0860B5BE-B969-4880-B8FB-C5AAB76AB147}"
EndProject
Project("{FAE04EC0-301F-11D3-BF4B-00C04F79EFBC}") = "Employees.IService", "..\Employees.IService\Employees.IService.csproj", "{199C14B5-F67B-4109-9447-BC2F7B9CBE79}"
EndProject
Project("{FAE04EC0-301F-11D3-BF4B-00C04F79EFBC}") = "Employee.Service", "..\Employee.Service\Employee.Service.csproj", "{1C23AC97-C487-4A4D-98F7-CD3B38BAAB0D}"
EndProject
Global
	GlobalSection(SolutionConfigurationPlatforms) = preSolution
		Debug|Any CPU = Debug|Any CPU
		Release|Any CPU = Release|Any CPU
	EndGlobalSection
	GlobalSection(ProjectConfigurationPlatforms) = postSolution
		{E88550FD-BD2B-468C-ABFF-898176B7577E}.Debug|Any CPU.ActiveCfg = Debug|Any CPU
		{E88550FD-BD2B-468C-ABFF-898176B7577E}.Debug|Any CPU.Build.0 = Debug|Any CPU
		{E88550FD-BD2B-468C-ABFF-898176B7577E}.Release|Any CPU.ActiveCfg = Release|Any CPU
		{E88550FD-BD2B-468C-ABFF-898176B7577E}.Release|Any CPU.Build.0 = Release|Any CPU
		{E164C396-5950-4C9E-B4AC-CFF4AD6243DA}.Debug|Any CPU.ActiveCfg = Debug|Any CPU
		{E164C396-5950-4C9E-B4AC-CFF4AD6243DA}.Debug|Any CPU.Build.0 = Debug|Any CPU
		{E164C396-5950-4C9E-B4AC-CFF4AD6243DA}.Release|Any CPU.ActiveCfg = Release|Any CPU
		{E164C396-5950-4C9E-B4AC-CFF4AD6243DA}.Release|Any CPU.Build.0 = Release|Any CPU
		{0860B5BE-B969-4880-B8FB-C5AAB76AB147}.Debug|Any CPU.ActiveCfg = Debug|Any CPU
		{0860B5BE-B969-4880-B8FB-C5AAB76AB147}.Debug|Any CPU.Build.0 = Debug|Any CPU
		{0860B5BE-B969-4880-B8FB-C5AAB76AB147}.Release|Any CPU.ActiveCfg = Release|Any CPU
		{0860B5BE-B969-4880-B8FB-C5AAB76AB147}.Release|Any CPU.Build.0 = Release|Any CPU
		{199C14B5-F67B-4109-9447-BC2F7B9CBE79}.Debug|Any CPU.ActiveCfg = Debug|Any CPU
		{199C14B5-F67B-4109-9447-BC2F7B9CBE79}.Debug|Any CPU.Build.0 = Debug|Any CPU
		{199C14B5-F67B-4109-9447-BC2F7B9CBE79}.Release|Any CPU.ActiveCfg = Release|Any CPU
		{199C14B5-F67B-4109-9447-BC2F7B9CBE79}.Release|Any CPU.Build.0 = Release|Any CPU
		{1C23AC97-C487-4A4D-98F7-CD3B38BAAB0D}.Debug|Any CPU.ActiveCfg = Debug|Any CPU
		{1C23AC97-C487-4A4D-98F7-CD3B38BAAB0D}.Debug|Any CPU.Build.0 = Debug|Any CPU
		{1C23AC97-C487-4A4D-98F7-CD3B38BAAB0D}.Release|Any CPU.ActiveCfg = Release|Any CPU
		{1C23AC97-C487-4A4D-98F7-CD3B38BAAB0D}.Release|Any CPU.Build.0 = Release|Any CPU
	EndGlobalSection
	GlobalSection(SolutionProperties) = preSolution
		HideSolutionNode = FALSE
	EndGlobalSection
	GlobalSection(ExtensibilityGlobals) = postSolution
		SolutionGuid = {33FC6F2F-CDF1-4111-8ACC-DBC6B9E7B370}
	EndGlobalSection
EndGlobal
