
Microsoft Visual Studio Solution File, Format Version 12.00
# Visual Studio Version 17
VisualStudioVersion = 17.9.34701.34
MinimumVisualStudioVersion = 10.0.40219.1
Project("{9A19103F-16F7-4668-BE54-9A1E7A4F7556}") = "Employee.Web", "Employee.Web.csproj", "{E88550FD-BD2B-468C-ABFF-898176B7577E}"
EndProject
Project("{9A19103F-16F7-4668-BE54-9A1E7A4F7556}") = "Employees.Common", "..\Employees.Common\Employees.Common.csproj", "{E164C396-5950-4C9E-B4AC-CFF4AD6243DA}"
EndProject
Project("{2150E333-8FDC-42A3-9474-1A3956D46DE8}") = "Employee.IService", "Employee.IService", "{C4A8B434-E908-4A0C-8AA2-4C3EC33713DD}"
EndProject
Project("{2150E333-8FDC-42A3-9474-1A3956D46DE8}") = "Employee.Security", "Employee.Security", "{2A19FE96-F700-4B81-AFB5-B74BD6B53A02}"
EndProject
Project("{2150E333-8FDC-42A3-9474-1A3956D46DE8}") = "Employee.Models", "Employee.Models", "{8E26EC0E-AA10-488B-A37F-C5494AC250BE}"
EndProject
Project("{2150E333-8FDC-42A3-9474-1A3956D46DE8}") = "Employee.Service", "Employee.Service", "{6640A113-5FC0-490B-8CC2-81B48A129A75}"
EndProject
Project("{2150E333-8FDC-42A3-9474-1A3956D46DE8}") = "Service", "Service", "{8F9F71A5-68D8-4C4E-889C-61F39D8EDC27}"
	ProjectSection(SolutionItems) = preProject
		IEmployeeService.cs = IEmployeeService.cs
	EndProjectSection
EndProject
Project("{2150E333-8FDC-42A3-9474-1A3956D46DE8}") = "Service", "Service", "{E88CEF75-3E06-43CD-A692-40C7C4B2AFA0}"
	ProjectSection(SolutionItems) = preProject
		EmployeeModel.cs = EmployeeModel.cs
	EndProjectSection
EndProject
Project("{2150E333-8FDC-42A3-9474-1A3956D46DE8}") = "Service", "Service", "{6E382524-A7B8-4213-B2C0-5BD2C364170E}"
	ProjectSection(SolutionItems) = preProject
		EmployeeService.cs = EmployeeService.cs
	EndProjectSection
EndProject
Project("{2150E333-8FDC-42A3-9474-1A3956D46DE8}") = "System", "System", "{F67F4B16-A427-4141-86DF-FE034EFCC2D0}"
	ProjectSection(SolutionItems) = preProject
		CommonModel.cs = CommonModel.cs
		Enum.cs = Enum.cs
	EndProjectSection
EndProject
Global
	GlobalSection(SolutionConfigurationPlatforms) = preSolution
		Debug|Any CPU = Debug|Any CPU
		Release|Any CPU = Release|Any CPU
	EndGlobalSection
	GlobalSection(ProjectConfigurationPlatforms) = postSolution
		{E88550FD-BD2B-468C-ABFF-898176B7577E}.Debug|Any CPU.ActiveCfg = Debug|Any CPU
		{E88550FD-BD2B-468C-ABFF-898176B7577E}.Debug|Any CPU.Build.0 = Debug|Any CPU
		{E88550FD-BD2B-468C-ABFF-898176B7577E}.Release|Any CPU.ActiveCfg = Release|Any CPU
		{E88550FD-BD2B-468C-ABFF-898176B7577E}.Release|Any CPU.Build.0 = Release|Any CPU
		{E164C396-5950-4C9E-B4AC-CFF4AD6243DA}.Debug|Any CPU.ActiveCfg = Debug|Any CPU
		{E164C396-5950-4C9E-B4AC-CFF4AD6243DA}.Debug|Any CPU.Build.0 = Debug|Any CPU
		{E164C396-5950-4C9E-B4AC-CFF4AD6243DA}.Release|Any CPU.ActiveCfg = Release|Any CPU
		{E164C396-5950-4C9E-B4AC-CFF4AD6243DA}.Release|Any CPU.Build.0 = Release|Any CPU
	EndGlobalSection
	GlobalSection(SolutionProperties) = preSolution
		HideSolutionNode = FALSE
	EndGlobalSection
	GlobalSection(NestedProjects) = preSolution
		{8F9F71A5-68D8-4C4E-889C-61F39D8EDC27} = {C4A8B434-E908-4A0C-8AA2-4C3EC33713DD}
		{E88CEF75-3E06-43CD-A692-40C7C4B2AFA0} = {8E26EC0E-AA10-488B-A37F-C5494AC250BE}
		{6E382524-A7B8-4213-B2C0-5BD2C364170E} = {6640A113-5FC0-490B-8CC2-81B48A129A75}
		{F67F4B16-A427-4141-86DF-FE034EFCC2D0} = {8E26EC0E-AA10-488B-A37F-C5494AC250BE}
	EndGlobalSection
	GlobalSection(ExtensibilityGlobals) = postSolution
		SolutionGuid = {33FC6F2F-CDF1-4111-8ACC-DBC6B9E7B370}
	EndGlobalSection
EndGlobal
